// !$*UTF8*$!
{
	archiveVersion = 1;
	classes = {
	};
	objectVersion = 46;
	objects = {

/* Begin PBXBuildFile section */
		1D8B0EBE1DE32E8000B9EAAD /* DistributedNotificationCenterCommunicator.swift in Sources */ = {isa = PBXBuildFile; fileRef = 1D8B0EBD1DE32E8000B9EAAD /* DistributedNotificationCenterCommunicator.swift */; };
		1D8B0EC01DE32F0700B9EAAD /* SequenceExtensions.swift in Sources */ = {isa = PBXBuildFile; fileRef = 1D8B0EBF1DE32F0700B9EAAD /* SequenceExtensions.swift */; };
		1D8B0EC81DE9FD6700B9EAAD /* AppDelegate.swift in Sources */ = {isa = PBXBuildFile; fileRef = 1D8B0EC71DE9FD6700B9EAAD /* AppDelegate.swift */; };
		1D8B0ECA1DE9FD6700B9EAAD /* Assets.xcassets in Resources */ = {isa = PBXBuildFile; fileRef = 1D8B0EC91DE9FD6700B9EAAD /* Assets.xcassets */; };
		1D8B0ECD1DE9FD6700B9EAAD /* MainMenu.xib in Resources */ = {isa = PBXBuildFile; fileRef = 1D8B0ECB1DE9FD6700B9EAAD /* MainMenu.xib */; };
		1D8B0ED31DE9FD8E00B9EAAD /* RedirectionHelper.app in Copy Helper App */ = {isa = PBXBuildFile; fileRef = 1D8B0EC51DE9FD6700B9EAAD /* RedirectionHelper.app */; settings = {ATTRIBUTES = (RemoveHeadersOnCopy, ); }; };
		1D8B0ED91DEA0A6500B9EAAD /* DistributedNotificationCenterCommunicator+HelperAppCommunicator.swift in Sources */ = {isa = PBXBuildFile; fileRef = 1D8B0ED81DEA0A6500B9EAAD /* DistributedNotificationCenterCommunicator+HelperAppCommunicator.swift */; };
		1DFD917D1DDA854B004266F8 /* AppDelegate.swift in Sources */ = {isa = PBXBuildFile; fileRef = 1DFD917C1DDA854B004266F8 /* AppDelegate.swift */; };
		1DFD917F1DDA854B004266F8 /* ViewController.swift in Sources */ = {isa = PBXBuildFile; fileRef = 1DFD917E1DDA854B004266F8 /* ViewController.swift */; };
		1DFD91811DDA854B004266F8 /* Assets.xcassets in Resources */ = {isa = PBXBuildFile; fileRef = 1DFD91801DDA854B004266F8 /* Assets.xcassets */; };
		1DFD91841DDA854B004266F8 /* Main.storyboard in Resources */ = {isa = PBXBuildFile; fileRef = 1DFD91821DDA854B004266F8 /* Main.storyboard */; };
		1DFD918F1DDA854B004266F8 /* RedirectionTests.swift in Sources */ = {isa = PBXBuildFile; fileRef = 1DFD918E1DDA854B004266F8 /* RedirectionTests.swift */; };
		1DFD919A1DDA9B54004266F8 /* ServerCommunicator.swift in Sources */ = {isa = PBXBuildFile; fileRef = 1DFD91991DDA9B54004266F8 /* ServerCommunicator.swift */; };
		1DFD919C1DDA9EDB004266F8 /* BrowserUtility.swift in Sources */ = {isa = PBXBuildFile; fileRef = 1DFD919B1DDA9EDB004266F8 /* BrowserUtility.swift */; };
		1DFD919E1DDAA0BE004266F8 /* BrowserViewModel.swift in Sources */ = {isa = PBXBuildFile; fileRef = 1DFD919D1DDAA0BE004266F8 /* BrowserViewModel.swift */; };
		1DFD91A01DDAA1CC004266F8 /* Match.swift in Sources */ = {isa = PBXBuildFile; fileRef = 1DFD919F1DDAA1CC004266F8 /* Match.swift */; };
		1DFD91A21DDAA515004266F8 /* Rule.swift in Sources */ = {isa = PBXBuildFile; fileRef = 1DFD91A11DDAA515004266F8 /* Rule.swift */; };
		1DFD91A41DDAAFD7004266F8 /* RuleViewModel.swift in Sources */ = {isa = PBXBuildFile; fileRef = 1DFD91A31DDAAFD7004266F8 /* RuleViewModel.swift */; };
		1DFD91A61DDAB461004266F8 /* RulesTableController.swift in Sources */ = {isa = PBXBuildFile; fileRef = 1DFD91A51DDAB461004266F8 /* RulesTableController.swift */; };
		1DFD91AA1DDABBDA004266F8 /* RuleTableCellView.swift in Sources */ = {isa = PBXBuildFile; fileRef = 1DFD91A91DDABBDA004266F8 /* RuleTableCellView.swift */; };
		1DFD91AE1DDAC325004266F8 /* NSPopUpButtonExtensions.swift in Sources */ = {isa = PBXBuildFile; fileRef = 1DFD91AD1DDAC325004266F8 /* NSPopUpButtonExtensions.swift */; };
		1DFD91B41DDDFAAC004266F8 /* Change.swift in Sources */ = {isa = PBXBuildFile; fileRef = 1DFD91B31DDDFAAC004266F8 /* Change.swift */; };
		1DFD91B71DDDFF7A004266F8 /* DataStore.swift in Sources */ = {isa = PBXBuildFile; fileRef = 1DFD91B61DDDFF7A004266F8 /* DataStore.swift */; };
		1DFD91B91DDE0056004266F8 /* PropertyListDataStore.swift in Sources */ = {isa = PBXBuildFile; fileRef = 1DFD91B81DDE0056004266F8 /* PropertyListDataStore.swift */; };
		1DFD91BB1DDF7BE0004266F8 /* HelperAppCommunicator.swift in Sources */ = {isa = PBXBuildFile; fileRef = 1DFD91BA1DDF7BE0004266F8 /* HelperAppCommunicator.swift */; };
		1DFD91BE1DDF7FF5004266F8 /* StubHelperAppCommunicator.swift in Sources */ = {isa = PBXBuildFile; fileRef = 1DFD91BD1DDF7FF5004266F8 /* StubHelperAppCommunicator.swift */; };
/* End PBXBuildFile section */

/* Begin PBXContainerItemProxy section */
		1DFD918B1DDA854B004266F8 /* PBXContainerItemProxy */ = {
			isa = PBXContainerItemProxy;
			containerPortal = 1DFD91711DDA854B004266F8 /* Project object */;
			proxyType = 1;
			remoteGlobalIDString = 1DFD91781DDA854B004266F8;
			remoteInfo = Redirection;
		};
/* End PBXContainerItemProxy section */

/* Begin PBXCopyFilesBuildPhase section */
		1D8B0ED21DE9FD8000B9EAAD /* Copy Helper App */ = {
			isa = PBXCopyFilesBuildPhase;
			buildActionMask = 2147483647;
			dstPath = "";
			dstSubfolderSpec = 7;
			files = (
				1D8B0ED31DE9FD8E00B9EAAD /* RedirectionHelper.app in Copy Helper App */,
			);
			name = "Copy Helper App";
			runOnlyForDeploymentPostprocessing = 0;
		};
/* End PBXCopyFilesBuildPhase section */

/* Begin PBXFileReference section */
		1D8B0EBD1DE32E8000B9EAAD /* DistributedNotificationCenterCommunicator.swift */ = {isa = PBXFileReference; fileEncoding = 4; lastKnownFileType = sourcecode.swift; path = DistributedNotificationCenterCommunicator.swift; sourceTree = "<group>"; };
		1D8B0EBF1DE32F0700B9EAAD /* SequenceExtensions.swift */ = {isa = PBXFileReference; fileEncoding = 4; lastKnownFileType = sourcecode.swift; path = SequenceExtensions.swift; sourceTree = "<group>"; };
		1D8B0EC51DE9FD6700B9EAAD /* RedirectionHelper.app */ = {isa = PBXFileReference; explicitFileType = wrapper.application; includeInIndex = 0; path = RedirectionHelper.app; sourceTree = BUILT_PRODUCTS_DIR; };
		1D8B0EC71DE9FD6700B9EAAD /* AppDelegate.swift */ = {isa = PBXFileReference; lastKnownFileType = sourcecode.swift; path = AppDelegate.swift; sourceTree = "<group>"; };
		1D8B0EC91DE9FD6700B9EAAD /* Assets.xcassets */ = {isa = PBXFileReference; lastKnownFileType = folder.assetcatalog; path = Assets.xcassets; sourceTree = "<group>"; };
		1D8B0ECC1DE9FD6700B9EAAD /* Base */ = {isa = PBXFileReference; lastKnownFileType = file.xib; name = Base; path = Base.lproj/MainMenu.xib; sourceTree = "<group>"; };
		1D8B0ECE1DE9FD6700B9EAAD /* Info.plist */ = {isa = PBXFileReference; lastKnownFileType = text.plist.xml; path = Info.plist; sourceTree = "<group>"; };
		1D8B0ED81DEA0A6500B9EAAD /* DistributedNotificationCenterCommunicator+HelperAppCommunicator.swift */ = {isa = PBXFileReference; fileEncoding = 4; lastKnownFileType = sourcecode.swift; path = "DistributedNotificationCenterCommunicator+HelperAppCommunicator.swift"; sourceTree = "<group>"; };
		1DFD91791DDA854B004266F8 /* Redirection.app */ = {isa = PBXFileReference; explicitFileType = wrapper.application; includeInIndex = 0; path = Redirection.app; sourceTree = BUILT_PRODUCTS_DIR; };
		1DFD917C1DDA854B004266F8 /* AppDelegate.swift */ = {isa = PBXFileReference; lastKnownFileType = sourcecode.swift; path = AppDelegate.swift; sourceTree = "<group>"; };
		1DFD917E1DDA854B004266F8 /* ViewController.swift */ = {isa = PBXFileReference; lastKnownFileType = sourcecode.swift; path = ViewController.swift; sourceTree = "<group>"; };
		1DFD91801DDA854B004266F8 /* Assets.xcassets */ = {isa = PBXFileReference; lastKnownFileType = folder.assetcatalog; path = Assets.xcassets; sourceTree = "<group>"; };
		1DFD91831DDA854B004266F8 /* Base */ = {isa = PBXFileReference; lastKnownFileType = file.storyboard; name = Base; path = Base.lproj/Main.storyboard; sourceTree = "<group>"; };
		1DFD91851DDA854B004266F8 /* Info.plist */ = {isa = PBXFileReference; lastKnownFileType = text.plist.xml; path = Info.plist; sourceTree = "<group>"; };
		1DFD918A1DDA854B004266F8 /* RedirectionTests.xctest */ = {isa = PBXFileReference; explicitFileType = wrapper.cfbundle; includeInIndex = 0; path = RedirectionTests.xctest; sourceTree = BUILT_PRODUCTS_DIR; };
		1DFD918E1DDA854B004266F8 /* RedirectionTests.swift */ = {isa = PBXFileReference; lastKnownFileType = sourcecode.swift; path = RedirectionTests.swift; sourceTree = "<group>"; };
		1DFD91901DDA854B004266F8 /* Info.plist */ = {isa = PBXFileReference; lastKnownFileType = text.plist.xml; path = Info.plist; sourceTree = "<group>"; };
		1DFD91991DDA9B54004266F8 /* ServerCommunicator.swift */ = {isa = PBXFileReference; fileEncoding = 4; lastKnownFileType = sourcecode.swift; path = ServerCommunicator.swift; sourceTree = "<group>"; };
		1DFD919B1DDA9EDB004266F8 /* BrowserUtility.swift */ = {isa = PBXFileReference; fileEncoding = 4; lastKnownFileType = sourcecode.swift; path = BrowserUtility.swift; sourceTree = "<group>"; };
		1DFD919D1DDAA0BE004266F8 /* BrowserViewModel.swift */ = {isa = PBXFileReference; fileEncoding = 4; lastKnownFileType = sourcecode.swift; path = BrowserViewModel.swift; sourceTree = "<group>"; };
		1DFD919F1DDAA1CC004266F8 /* Match.swift */ = {isa = PBXFileReference; fileEncoding = 4; lastKnownFileType = sourcecode.swift; path = Match.swift; sourceTree = "<group>"; };
		1DFD91A11DDAA515004266F8 /* Rule.swift */ = {isa = PBXFileReference; fileEncoding = 4; lastKnownFileType = sourcecode.swift; path = Rule.swift; sourceTree = "<group>"; };
		1DFD91A31DDAAFD7004266F8 /* RuleViewModel.swift */ = {isa = PBXFileReference; fileEncoding = 4; lastKnownFileType = sourcecode.swift; path = RuleViewModel.swift; sourceTree = "<group>"; };
		1DFD91A51DDAB461004266F8 /* RulesTableController.swift */ = {isa = PBXFileReference; fileEncoding = 4; lastKnownFileType = sourcecode.swift; path = RulesTableController.swift; sourceTree = "<group>"; };
		1DFD91A91DDABBDA004266F8 /* RuleTableCellView.swift */ = {isa = PBXFileReference; fileEncoding = 4; lastKnownFileType = sourcecode.swift; path = RuleTableCellView.swift; sourceTree = "<group>"; };
		1DFD91AD1DDAC325004266F8 /* NSPopUpButtonExtensions.swift */ = {isa = PBXFileReference; fileEncoding = 4; lastKnownFileType = sourcecode.swift; path = NSPopUpButtonExtensions.swift; sourceTree = "<group>"; };
		1DFD91B31DDDFAAC004266F8 /* Change.swift */ = {isa = PBXFileReference; fileEncoding = 4; lastKnownFileType = sourcecode.swift; path = Change.swift; sourceTree = "<group>"; };
		1DFD91B61DDDFF7A004266F8 /* DataStore.swift */ = {isa = PBXFileReference; fileEncoding = 4; lastKnownFileType = sourcecode.swift; path = DataStore.swift; sourceTree = "<group>"; };
		1DFD91B81DDE0056004266F8 /* PropertyListDataStore.swift */ = {isa = PBXFileReference; fileEncoding = 4; lastKnownFileType = sourcecode.swift; path = PropertyListDataStore.swift; sourceTree = "<group>"; };
		1DFD91BA1DDF7BE0004266F8 /* HelperAppCommunicator.swift */ = {isa = PBXFileReference; fileEncoding = 4; lastKnownFileType = sourcecode.swift; path = HelperAppCommunicator.swift; sourceTree = "<group>"; };
		1DFD91BD1DDF7FF5004266F8 /* StubHelperAppCommunicator.swift */ = {isa = PBXFileReference; fileEncoding = 4; lastKnownFileType = sourcecode.swift; path = StubHelperAppCommunicator.swift; sourceTree = "<group>"; };
/* End PBXFileReference section */

/* Begin PBXFrameworksBuildPhase section */
		1D8B0EC21DE9FD6700B9EAAD /* Frameworks */ = {
			isa = PBXFrameworksBuildPhase;
			buildActionMask = 2147483647;
			files = (
			);
			runOnlyForDeploymentPostprocessing = 0;
		};
		1DFD91761DDA854B004266F8 /* Frameworks */ = {
			isa = PBXFrameworksBuildPhase;
			buildActionMask = 2147483647;
			files = (
			);
			runOnlyForDeploymentPostprocessing = 0;
		};
		1DFD91871DDA854B004266F8 /* Frameworks */ = {
			isa = PBXFrameworksBuildPhase;
			buildActionMask = 2147483647;
			files = (
			);
			runOnlyForDeploymentPostprocessing = 0;
		};
/* End PBXFrameworksBuildPhase section */

/* Begin PBXGroup section */
		1D8B0EC61DE9FD6700B9EAAD /* RedirectionHelper */ = {
			isa = PBXGroup;
			children = (
				1D8B0EC71DE9FD6700B9EAAD /* AppDelegate.swift */,
				1D8B0EC91DE9FD6700B9EAAD /* Assets.xcassets */,
				1D8B0ECB1DE9FD6700B9EAAD /* MainMenu.xib */,
				1D8B0ECE1DE9FD6700B9EAAD /* Info.plist */,
			);
			path = RedirectionHelper;
			sourceTree = "<group>";
		};
		1DFD91701DDA854B004266F8 = {
			isa = PBXGroup;
			children = (
				1DFD917B1DDA854B004266F8 /* Redirection */,
				1DFD918D1DDA854B004266F8 /* RedirectionTests */,
				1D8B0EC61DE9FD6700B9EAAD /* RedirectionHelper */,
				1DFD917A1DDA854B004266F8 /* Products */,
			);
			sourceTree = "<group>";
		};
		1DFD917A1DDA854B004266F8 /* Products */ = {
			isa = PBXGroup;
			children = (
				1DFD91791DDA854B004266F8 /* Redirection.app */,
				1DFD918A1DDA854B004266F8 /* RedirectionTests.xctest */,
				1D8B0EC51DE9FD6700B9EAAD /* RedirectionHelper.app */,
			);
			name = Products;
			sourceTree = "<group>";
		};
		1DFD917B1DDA854B004266F8 /* Redirection */ = {
			isa = PBXGroup;
			children = (
				1DFD91B51DDDFF69004266F8 /* DataStorage */,
				1DFD917C1DDA854B004266F8 /* AppDelegate.swift */,
				1DFD917E1DDA854B004266F8 /* ViewController.swift */,
				1DFD91801DDA854B004266F8 /* Assets.xcassets */,
				1DFD91821DDA854B004266F8 /* Main.storyboard */,
				1DFD91851DDA854B004266F8 /* Info.plist */,
				1DFD91991DDA9B54004266F8 /* ServerCommunicator.swift */,
				1DFD919B1DDA9EDB004266F8 /* BrowserUtility.swift */,
				1DFD919D1DDAA0BE004266F8 /* BrowserViewModel.swift */,
				1DFD919F1DDAA1CC004266F8 /* Match.swift */,
				1DFD91A11DDAA515004266F8 /* Rule.swift */,
				1DFD91A31DDAAFD7004266F8 /* RuleViewModel.swift */,
				1DFD91A51DDAB461004266F8 /* RulesTableController.swift */,
				1DFD91A91DDABBDA004266F8 /* RuleTableCellView.swift */,
				1DFD91AD1DDAC325004266F8 /* NSPopUpButtonExtensions.swift */,
				1DFD91B31DDDFAAC004266F8 /* Change.swift */,
				1DFD91BC1DDF7BE6004266F8 /* Helper communicator */,
			);
			path = Redirection;
			sourceTree = "<group>";
		};
		1DFD918D1DDA854B004266F8 /* RedirectionTests */ = {
			isa = PBXGroup;
			children = (
				1DFD918E1DDA854B004266F8 /* RedirectionTests.swift */,
				1DFD91901DDA854B004266F8 /* Info.plist */,
			);
			path = RedirectionTests;
			sourceTree = "<group>";
		};
		1DFD91B51DDDFF69004266F8 /* DataStorage */ = {
			isa = PBXGroup;
			children = (
				1DFD91B61DDDFF7A004266F8 /* DataStore.swift */,
				1DFD91B81DDE0056004266F8 /* PropertyListDataStore.swift */,
				1D8B0EBF1DE32F0700B9EAAD /* SequenceExtensions.swift */,
			);
			name = DataStorage;
			sourceTree = "<group>";
		};
		1DFD91BC1DDF7BE6004266F8 /* Helper communicator */ = {
			isa = PBXGroup;
			children = (
				1DFD91BA1DDF7BE0004266F8 /* HelperAppCommunicator.swift */,
				1DFD91BD1DDF7FF5004266F8 /* StubHelperAppCommunicator.swift */,
				1D8B0EBD1DE32E8000B9EAAD /* DistributedNotificationCenterCommunicator.swift */,
				1D8B0ED81DEA0A6500B9EAAD /* DistributedNotificationCenterCommunicator+HelperAppCommunicator.swift */,
			);
			name = "Helper communicator";
			sourceTree = "<group>";
		};
/* End PBXGroup section */

/* Begin PBXNativeTarget section */
		1D8B0EC41DE9FD6700B9EAAD /* RedirectionHelper */ = {
			isa = PBXNativeTarget;
			buildConfigurationList = 1D8B0ECF1DE9FD6700B9EAAD /* Build configuration list for PBXNativeTarget "RedirectionHelper" */;
			buildPhases = (
				1D8B0EC11DE9FD6700B9EAAD /* Sources */,
				1D8B0EC21DE9FD6700B9EAAD /* Frameworks */,
				1D8B0EC31DE9FD6700B9EAAD /* Resources */,
			);
			buildRules = (
			);
			dependencies = (
			);
			name = RedirectionHelper;
			productName = RedirectionHelper;
			productReference = 1D8B0EC51DE9FD6700B9EAAD /* RedirectionHelper.app */;
			productType = "com.apple.product-type.application";
		};
		1DFD91781DDA854B004266F8 /* Redirection */ = {
			isa = PBXNativeTarget;
			buildConfigurationList = 1DFD91931DDA854B004266F8 /* Build configuration list for PBXNativeTarget "Redirection" */;
			buildPhases = (
				1DFD91751DDA854B004266F8 /* Sources */,
				1DFD91761DDA854B004266F8 /* Frameworks */,
				1DFD91771DDA854B004266F8 /* Resources */,
				1D8B0ED21DE9FD8000B9EAAD /* Copy Helper App */,
			);
			buildRules = (
			);
			dependencies = (
			);
			name = Redirection;
			productName = Redirection;
			productReference = 1DFD91791DDA854B004266F8 /* Redirection.app */;
			productType = "com.apple.product-type.application";
		};
		1DFD91891DDA854B004266F8 /* RedirectionTests */ = {
			isa = PBXNativeTarget;
			buildConfigurationList = 1DFD91961DDA854B004266F8 /* Build configuration list for PBXNativeTarget "RedirectionTests" */;
			buildPhases = (
				1DFD91861DDA854B004266F8 /* Sources */,
				1DFD91871DDA854B004266F8 /* Frameworks */,
				1DFD91881DDA854B004266F8 /* Resources */,
			);
			buildRules = (
			);
			dependencies = (
				1DFD918C1DDA854B004266F8 /* PBXTargetDependency */,
			);
			name = RedirectionTests;
			productName = RedirectionTests;
			productReference = 1DFD918A1DDA854B004266F8 /* RedirectionTests.xctest */;
			productType = "com.apple.product-type.bundle.unit-test";
		};
/* End PBXNativeTarget section */

/* Begin PBXProject section */
		1DFD91711DDA854B004266F8 /* Project object */ = {
			isa = PBXProject;
			attributes = {
				LastSwiftUpdateCheck = 0810;
				LastUpgradeCheck = 0810;
				ORGANIZATIONNAME = "From Concentrate Software";
				TargetAttributes = {
					1D8B0EC41DE9FD6700B9EAAD = {
						CreatedOnToolsVersion = 8.1;
						DevelopmentTeam = S8Z8N96C99;
						ProvisioningStyle = Automatic;
					};
					1DFD91781DDA854B004266F8 = {
						CreatedOnToolsVersion = 8.1;
						DevelopmentTeam = S8Z8N96C99;
						ProvisioningStyle = Automatic;
					};
					1DFD91891DDA854B004266F8 = {
						CreatedOnToolsVersion = 8.1;
						DevelopmentTeam = S8Z8N96C99;
						ProvisioningStyle = Automatic;
						TestTargetID = 1DFD91781DDA854B004266F8;
					};
				};
			};
			buildConfigurationList = 1DFD91741DDA854B004266F8 /* Build configuration list for PBXProject "Redirection" */;
			compatibilityVersion = "Xcode 3.2";
			developmentRegion = English;
			hasScannedForEncodings = 0;
			knownRegions = (
				en,
				Base,
			);
			mainGroup = 1DFD91701DDA854B004266F8;
			productRefGroup = 1DFD917A1DDA854B004266F8 /* Products */;
			projectDirPath = "";
			projectRoot = "";
			targets = (
				1DFD91781DDA854B004266F8 /* Redirection */,
				1DFD91891DDA854B004266F8 /* RedirectionTests */,
				1D8B0EC41DE9FD6700B9EAAD /* RedirectionHelper */,
			);
		};
/* End PBXProject section */

/* Begin PBXResourcesBuildPhase section */
		1D8B0EC31DE9FD6700B9EAAD /* Resources */ = {
			isa = PBXResourcesBuildPhase;
			buildActionMask = 2147483647;
			files = (
				1D8B0ECA1DE9FD6700B9EAAD /* Assets.xcassets in Resources */,
				1D8B0ECD1DE9FD6700B9EAAD /* MainMenu.xib in Resources */,
			);
			runOnlyForDeploymentPostprocessing = 0;
		};
		1DFD91771DDA854B004266F8 /* Resources */ = {
			isa = PBXResourcesBuildPhase;
			buildActionMask = 2147483647;
			files = (
				1DFD91811DDA854B004266F8 /* Assets.xcassets in Resources */,
				1DFD91841DDA854B004266F8 /* Main.storyboard in Resources */,
			);
			runOnlyForDeploymentPostprocessing = 0;
		};
		1DFD91881DDA854B004266F8 /* Resources */ = {
			isa = PBXResourcesBuildPhase;
			buildActionMask = 2147483647;
			files = (
			);
			runOnlyForDeploymentPostprocessing = 0;
		};
/* End PBXResourcesBuildPhase section */

/* Begin PBXSourcesBuildPhase section */
		1D8B0EC11DE9FD6700B9EAAD /* Sources */ = {
			isa = PBXSourcesBuildPhase;
			buildActionMask = 2147483647;
			files = (
				1D8B0EC81DE9FD6700B9EAAD /* AppDelegate.swift in Sources */,
			);
			runOnlyForDeploymentPostprocessing = 0;
		};
		1DFD91751DDA854B004266F8 /* Sources */ = {
			isa = PBXSourcesBuildPhase;
			buildActionMask = 2147483647;
			files = (
				1DFD917F1DDA854B004266F8 /* ViewController.swift in Sources */,
				1DFD919E1DDAA0BE004266F8 /* BrowserViewModel.swift in Sources */,
				1DFD91A41DDAAFD7004266F8 /* RuleViewModel.swift in Sources */,
				1DFD91AE1DDAC325004266F8 /* NSPopUpButtonExtensions.swift in Sources */,
				1DFD91B41DDDFAAC004266F8 /* Change.swift in Sources */,
				1DFD91BE1DDF7FF5004266F8 /* StubHelperAppCommunicator.swift in Sources */,
				1DFD91AA1DDABBDA004266F8 /* RuleTableCellView.swift in Sources */,
				1DFD919A1DDA9B54004266F8 /* ServerCommunicator.swift in Sources */,
				1DFD91B71DDDFF7A004266F8 /* DataStore.swift in Sources */,
				1DFD91BB1DDF7BE0004266F8 /* HelperAppCommunicator.swift in Sources */,
				1D8B0EBE1DE32E8000B9EAAD /* DistributedNotificationCenterCommunicator.swift in Sources */,
				1DFD91A61DDAB461004266F8 /* RulesTableController.swift in Sources */,
				1DFD917D1DDA854B004266F8 /* AppDelegate.swift in Sources */,
				1DFD91B91DDE0056004266F8 /* PropertyListDataStore.swift in Sources */,
				1DFD919C1DDA9EDB004266F8 /* BrowserUtility.swift in Sources */,
				1DFD91A01DDAA1CC004266F8 /* Match.swift in Sources */,
				1D8B0EC01DE32F0700B9EAAD /* SequenceExtensions.swift in Sources */,
				1D8B0ED91DEA0A6500B9EAAD /* DistributedNotificationCenterCommunicator+HelperAppCommunicator.swift in Sources */,
				1DFD91A21DDAA515004266F8 /* Rule.swift in Sources */,
			);
			runOnlyForDeploymentPostprocessing = 0;
		};
		1DFD91861DDA854B004266F8 /* Sources */ = {
			isa = PBXSourcesBuildPhase;
			buildActionMask = 2147483647;
			files = (
				1DFD918F1DDA854B004266F8 /* RedirectionTests.swift in Sources */,
			);
			runOnlyForDeploymentPostprocessing = 0;
		};
/* End PBXSourcesBuildPhase section */

/* Begin PBXTargetDependency section */
		1DFD918C1DDA854B004266F8 /* PBXTargetDependency */ = {
			isa = PBXTargetDependency;
			target = 1DFD91781DDA854B004266F8 /* Redirection */;
			targetProxy = 1DFD918B1DDA854B004266F8 /* PBXContainerItemProxy */;
		};
/* End PBXTargetDependency section */

/* Begin PBXVariantGroup section */
		1D8B0ECB1DE9FD6700B9EAAD /* MainMenu.xib */ = {
			isa = PBXVariantGroup;
			children = (
				1D8B0ECC1DE9FD6700B9EAAD /* Base */,
			);
			name = MainMenu.xib;
			sourceTree = "<group>";
		};
		1DFD91821DDA854B004266F8 /* Main.storyboard */ = {
			isa = PBXVariantGroup;
			children = (
				1DFD91831DDA854B004266F8 /* Base */,
			);
			name = Main.storyboard;
			sourceTree = "<group>";
		};
/* End PBXVariantGroup section */

/* Begin XCBuildConfiguration section */
		1D8B0ED01DE9FD6700B9EAAD /* Debug */ = {
			isa = XCBuildConfiguration;
			buildSettings = {
				ASSETCATALOG_COMPILER_APPICON_NAME = AppIcon;
				COMBINE_HIDPI_IMAGES = YES;
				DEVELOPMENT_TEAM = S8Z8N96C99;
				INFOPLIST_FILE = RedirectionHelper/Info.plist;
				LD_RUNPATH_SEARCH_PATHS = "$(inherited) @executable_path/../Frameworks";
				PRODUCT_BUNDLE_IDENTIFIER = com.fromconcentratesoftware.RedirectionHelper;
				PRODUCT_NAME = "$(TARGET_NAME)";
				SWIFT_VERSION = 3.0;
			};
			name = Debug;
		};
		1D8B0ED11DE9FD6700B9EAAD /* Release */ = {
			isa = XCBuildConfiguration;
			buildSettings = {
				ASSETCATALOG_COMPILER_APPICON_NAME = AppIcon;
				COMBINE_HIDPI_IMAGES = YES;
				DEVELOPMENT_TEAM = S8Z8N96C99;
				INFOPLIST_FILE = RedirectionHelper/Info.plist;
				LD_RUNPATH_SEARCH_PATHS = "$(inherited) @executable_path/../Frameworks";
				PRODUCT_BUNDLE_IDENTIFIER = com.fromconcentratesoftware.RedirectionHelper;
				PRODUCT_NAME = "$(TARGET_NAME)";
				SWIFT_VERSION = 3.0;
			};
			name = Release;
		};
		1DFD91911DDA854B004266F8 /* Debug */ = {
			isa = XCBuildConfiguration;
			buildSettings = {
				ALWAYS_SEARCH_USER_PATHS = NO;
				CLANG_ANALYZER_NONNULL = YES;
				CLANG_CXX_LANGUAGE_STANDARD = "gnu++0x";
				CLANG_CXX_LIBRARY = "libc++";
				CLANG_ENABLE_MODULES = YES;
				CLANG_ENABLE_OBJC_ARC = YES;
				CLANG_WARN_BOOL_CONVERSION = YES;
				CLANG_WARN_CONSTANT_CONVERSION = YES;
				CLANG_WARN_DIRECT_OBJC_ISA_USAGE = YES_ERROR;
				CLANG_WARN_DOCUMENTATION_COMMENTS = YES;
				CLANG_WARN_EMPTY_BODY = YES;
				CLANG_WARN_ENUM_CONVERSION = YES;
				CLANG_WARN_INFINITE_RECURSION = YES;
				CLANG_WARN_INT_CONVERSION = YES;
				CLANG_WARN_OBJC_ROOT_CLASS = YES_ERROR;
				CLANG_WARN_SUSPICIOUS_MOVES = YES;
				CLANG_WARN_UNREACHABLE_CODE = YES;
				CLANG_WARN__DUPLICATE_METHOD_MATCH = YES;
				CODE_SIGN_IDENTITY = "-";
				COPY_PHASE_STRIP = NO;
				DEBUG_INFORMATION_FORMAT = dwarf;
				ENABLE_STRICT_OBJC_MSGSEND = YES;
				ENABLE_TESTABILITY = YES;
				GCC_C_LANGUAGE_STANDARD = gnu99;
				GCC_DYNAMIC_NO_PIC = NO;
				GCC_NO_COMMON_BLOCKS = YES;
				GCC_OPTIMIZATION_LEVEL = 0;
				GCC_PREPROCESSOR_DEFINITIONS = (
					"DEBUG=1",
					"$(inherited)",
				);
				GCC_WARN_64_TO_32_BIT_CONVERSION = YES;
				GCC_WARN_ABOUT_RETURN_TYPE = YES_ERROR;
				GCC_WARN_UNDECLARED_SELECTOR = YES;
				GCC_WARN_UNINITIALIZED_AUTOS = YES_AGGRESSIVE;
				GCC_WARN_UNUSED_FUNCTION = YES;
				GCC_WARN_UNUSED_VARIABLE = YES;
				MACOSX_DEPLOYMENT_TARGET = 10.12;
				MTL_ENABLE_DEBUG_INFO = YES;
				ONLY_ACTIVE_ARCH = YES;
				SDKROOT = macosx;
				SWIFT_ACTIVE_COMPILATION_CONDITIONS = DEBUG;
				SWIFT_OPTIMIZATION_LEVEL = "-Onone";
			};
			name = Debug;
		};
		1DFD91921DDA854B004266F8 /* Release */ = {
			isa = XCBuildConfiguration;
			buildSettings = {
				ALWAYS_SEARCH_USER_PATHS = NO;
				CLANG_ANALYZER_NONNULL = YES;
				CLANG_CXX_LANGUAGE_STANDARD = "gnu++0x";
				CLANG_CXX_LIBRARY = "libc++";
				CLANG_ENABLE_MODULES = YES;
				CLANG_ENABLE_OBJC_ARC = YES;
				CLANG_WARN_BOOL_CONVERSION = YES;
				CLANG_WARN_CONSTANT_CONVERSION = YES;
				CLANG_WARN_DIRECT_OBJC_ISA_USAGE = YES_ERROR;
				CLANG_WARN_DOCUMENTATION_COMMENTS = YES;
				CLANG_WARN_EMPTY_BODY = YES;
				CLANG_WARN_ENUM_CONVERSION = YES;
				CLANG_WARN_INFINITE_RECURSION = YES;
				CLANG_WARN_INT_CONVERSION = YES;
				CLANG_WARN_OBJC_ROOT_CLASS = YES_ERROR;
				CLANG_WARN_SUSPICIOUS_MOVES = YES;
				CLANG_WARN_UNREACHABLE_CODE = YES;
				CLANG_WARN__DUPLICATE_METHOD_MATCH = YES;
				CODE_SIGN_IDENTITY = "-";
				COPY_PHASE_STRIP = NO;
				DEBUG_INFORMATION_FORMAT = "dwarf-with-dsym";
				ENABLE_NS_ASSERTIONS = NO;
				ENABLE_STRICT_OBJC_MSGSEND = YES;
				GCC_C_LANGUAGE_STANDARD = gnu99;
				GCC_NO_COMMON_BLOCKS = YES;
				GCC_WARN_64_TO_32_BIT_CONVERSION = YES;
				GCC_WARN_ABOUT_RETURN_TYPE = YES_ERROR;
				GCC_WARN_UNDECLARED_SELECTOR = YES;
				GCC_WARN_UNINITIALIZED_AUTOS = YES_AGGRESSIVE;
				GCC_WARN_UNUSED_FUNCTION = YES;
				GCC_WARN_UNUSED_VARIABLE = YES;
				MACOSX_DEPLOYMENT_TARGET = 10.12;
				MTL_ENABLE_DEBUG_INFO = NO;
				SDKROOT = macosx;
				SWIFT_OPTIMIZATION_LEVEL = "-Owholemodule";
			};
			name = Release;
		};
		1DFD91941DDA854B004266F8 /* Debug */ = {
			isa = XCBuildConfiguration;
			buildSettings = {
				ASSETCATALOG_COMPILER_APPICON_NAME = AppIcon;
				COMBINE_HIDPI_IMAGES = YES;
				DEVELOPMENT_TEAM = S8Z8N96C99;
				INFOPLIST_FILE = Redirection/Info.plist;
				LD_RUNPATH_SEARCH_PATHS = "$(inherited) @executable_path/../Frameworks";
				PRODUCT_BUNDLE_IDENTIFIER = com.fromconcentratesoftware.Redirection;
				PRODUCT_NAME = "$(TARGET_NAME)";
				SWIFT_VERSION = 3.0;
			};
			name = Debug;
		};
		1DFD91951DDA854B004266F8 /* Release */ = {
			isa = XCBuildConfiguration;
			buildSettings = {
				ASSETCATALOG_COMPILER_APPICON_NAME = AppIcon;
				COMBINE_HIDPI_IMAGES = YES;
				DEVELOPMENT_TEAM = S8Z8N96C99;
				INFOPLIST_FILE = Redirection/Info.plist;
				LD_RUNPATH_SEARCH_PATHS = "$(inherited) @executable_path/../Frameworks";
				PRODUCT_BUNDLE_IDENTIFIER = com.fromconcentratesoftware.Redirection;
				PRODUCT_NAME = "$(TARGET_NAME)";
				SWIFT_VERSION = 3.0;
			};
			name = Release;
		};
		1DFD91971DDA854B004266F8 /* Debug */ = {
			isa = XCBuildConfiguration;
			buildSettings = {
				ALWAYS_EMBED_SWIFT_STANDARD_LIBRARIES = YES;
				BUNDLE_LOADER = "$(TEST_HOST)";
				COMBINE_HIDPI_IMAGES = YES;
				DEVELOPMENT_TEAM = S8Z8N96C99;
				INFOPLIST_FILE = RedirectionTests/Info.plist;
				LD_RUNPATH_SEARCH_PATHS = "$(inherited) @executable_path/../Frameworks @loader_path/../Frameworks";
				PRODUCT_BUNDLE_IDENTIFIER = com.fromconcentratesoftware.RedirectionTests;
				PRODUCT_NAME = "$(TARGET_NAME)";
				SWIFT_VERSION = 3.0;
				TEST_HOST = "$(BUILT_PRODUCTS_DIR)/Redirection.app/Contents/MacOS/Redirection";
			};
			name = Debug;
		};
		1DFD91981DDA854B004266F8 /* Release */ = {
			isa = XCBuildConfiguration;
			buildSettings = {
				ALWAYS_EMBED_SWIFT_STANDARD_LIBRARIES = YES;
				BUNDLE_LOADER = "$(TEST_HOST)";
				COMBINE_HIDPI_IMAGES = YES;
				DEVELOPMENT_TEAM = S8Z8N96C99;
				INFOPLIST_FILE = RedirectionTests/Info.plist;
				LD_RUNPATH_SEARCH_PATHS = "$(inherited) @executable_path/../Frameworks @loader_path/../Frameworks";
				PRODUCT_BUNDLE_IDENTIFIER = com.fromconcentratesoftware.RedirectionTests;
				PRODUCT_NAME = "$(TARGET_NAME)";
				SWIFT_VERSION = 3.0;
				TEST_HOST = "$(BUILT_PRODUCTS_DIR)/Redirection.app/Contents/MacOS/Redirection";
			};
			name = Release;
		};
/* End XCBuildConfiguration section */

/* Begin XCConfigurationList section */
		1D8B0ECF1DE9FD6700B9EAAD /* Build configuration list for PBXNativeTarget "RedirectionHelper" */ = {
			isa = XCConfigurationList;
			buildConfigurations = (
				1D8B0ED01DE9FD6700B9EAAD /* Debug */,
				1D8B0ED11DE9FD6700B9EAAD /* Release */,
			);
			defaultConfigurationIsVisible = 0;
		};
		1DFD91741DDA854B004266F8 /* Build configuration list for PBXProject "Redirection" */ = {
			isa = XCConfigurationList;
			buildConfigurations = (
				1DFD91911DDA854B004266F8 /* Debug */,
				1DFD91921DDA854B004266F8 /* Release */,
			);
			defaultConfigurationIsVisible = 0;
			defaultConfigurationName = Release;
		};
		1DFD91931DDA854B004266F8 /* Build configuration list for PBXNativeTarget "Redirection" */ = {
			isa = XCConfigurationList;
			buildConfigurations = (
				1DFD91941DDA854B004266F8 /* Debug */,
				1DFD91951DDA854B004266F8 /* Release */,
			);
			defaultConfigurationIsVisible = 0;
		};
		1DFD91961DDA854B004266F8 /* Build configuration list for PBXNativeTarget "RedirectionTests" */ = {
			isa = XCConfigurationList;
			buildConfigurations = (
				1DFD91971DDA854B004266F8 /* Debug */,
				1DFD91981DDA854B004266F8 /* Release */,
			);
			defaultConfigurationIsVisible = 0;
		};
/* End XCConfigurationList section */
	};
	rootObject = 1DFD91711DDA854B004266F8 /* Project object */;
}
